<?xml version="1.0" encoding="UTF-8" standalone="yes" ?>
<CodeBlocks_project_file>
	<FileVersion major="1" minor="6" />
	<Project>
		<Option title="TransportadoraAereaIPS_David_Tomas" />
		<Option pch_mode="2" />
		<Option compiler="gcc" />
		<Build>
			<Target title="Debug">
				<Option output="bin/Debug/TransportadoraAereaIPS_David_Tomas" prefix_auto="1" extension_auto="1" />
				<Option object_output="obj/Debug/" />
				<Option type="1" />
				<Option compiler="gcc" />
				<Compiler>
					<Add option="-g" />
					<Add directory="include" />
				</Compiler>
			</Target>
			<Target title="Release">
				<Option output="bin/Release/TransportadoraAereaIPS_David_Tomas" prefix_auto="1" extension_auto="1" />
				<Option object_output="obj/Release/" />
				<Option type="1" />
				<Option compiler="gcc" />
				<Compiler>
					<Add option="-O2" />
					<Add directory="include" />
				</Compiler>
				<Linker>
					<Add option="-s" />
				</Linker>
			</Target>
		</Build>
		<Compiler>
			<Add option="-Wall" />
		</Compiler>
		<Unit filename="adicionarAeronave.c">
			<Option compilerVar="CC" />
		</Unit>
		<Unit filename="adicionarPassageiro.c">
			<Option compilerVar="CC" />
		</Unit>
		<Unit filename="include/functions.h" />
		<Unit filename="listarAeronaves.c">
			<Option compilerVar="CC" />
		</Unit>
		<Unit filename="listarPassageiros.c">
			<Option compilerVar="CC" />
		</Unit>
		<Unit filename="main.c">
			<Option compilerVar="CC" />
		</Unit>
		<Unit filename="menu.c">
			<Option compilerVar="CC" />
		</Unit>
		<Unit filename="src/functions.cpp" />
		<Extensions />
	</Project>
</CodeBlocks_project_file>
